
Microsoft Visual Studio Solution File, Format Version 12.00
# Visual Studio Version 17
VisualStudioVersion = 17.1.32421.90
MinimumVisualStudioVersion = 10.0.40219.1
Project("{FAE04EC0-301F-11D3-BF4B-00C04F79EFBC}") = "UE Explorer", "UE Explorer\UE Explorer.csproj", "{C30CD5A3-BEA1-48FA-9EFA-A11CB7A03A94}"
	ProjectSection(ProjectDependencies) = postProject
		{7E45273F-434F-42FA-8269-0E760AEB41E1} = {7E45273F-434F-42FA-8269-0E760AEB41E1}
		{D1118BB2-CE82-4658-B6D9-868265CD1C4A} = {D1118BB2-CE82-4658-B6D9-868265CD1C4A}
	EndProjectSection
EndProject
Project("{FAE04EC0-301F-11D3-BF4B-00C04F79EFBC}") = "Eliot.UELib", "UELib\src\Eliot.UELib.csproj", "{7E45273F-434F-42FA-8269-0E760AEB41E1}"
EndProject
Project("{54435603-DBB4-11D2-8724-00A0C9A8B90C}") = "Install UE Explorer", "Setup\Setup.vdproj", "{7167B940-B5A5-4434-825A-69510441E513}"
	ProjectSection(ProjectDependencies) = postProject
		{7E45273F-434F-42FA-8269-0E760AEB41E1} = {7E45273F-434F-42FA-8269-0E760AEB41E1}
		{C240217D-9B6A-46D4-892F-12C64853F8AE} = {C240217D-9B6A-46D4-892F-12C64853F8AE}
	EndProjectSection
EndProject
Project("{FAE04EC0-301F-11D3-BF4B-00C04F79EFBC}") = "Eliot.Utilities", "Eliot.Utilities\Eliot.Utilities.csproj", "{C240217D-9B6A-46D4-892F-12C64853F8AE}"
EndProject
Project("{9A19103F-16F7-4668-BE54-9A1E7A4F7556}") = "Eliot.UELib.Test", "UELib\Test\Eliot.UELib.Test.csproj", "{E8365D64-12E6-4D59-9580-3C4D76534F5E}"
EndProject
Project("{9A19103F-16F7-4668-BE54-9A1E7A4F7556}") = "Eliot.UELib.Benchmark", "UELib\Benchmark\Eliot.UELib.Benchmark.csproj", "{F0D312F0-7FD1-4C97-A9B5-AA723E72B01B}"
	ProjectSection(ProjectDependencies) = postProject
		{E8365D64-12E6-4D59-9580-3C4D76534F5E} = {E8365D64-12E6-4D59-9580-3C4D76534F5E}
	EndProjectSection
EndProject
Project("{FAE04EC0-301F-11D3-BF4B-00C04F79EFBC}") = "Eliot.UELib.CLI", "UELib\CLI\Eliot.UELib.CLI.csproj", "{01B07425-0B35-4DAB-9555-D61261A0F161}"
EndProject
Project("{2150E333-8FDC-42A3-9474-1A3956D46DE8}") = "Solution Items", "Solution Items", "{2FC7A596-2539-4EED-B013-4F5D552FE2A1}"
	ProjectSection(SolutionItems) = preProject
		.editorconfig = .editorconfig
	EndProjectSection
EndProject
Project("{FAE04EC0-301F-11D3-BF4B-00C04F79EFBC}") = "UEExplorer.Framework", "UEExplorer.Framework\UEExplorer.Framework.csproj", "{66B17C8E-BF5D-456E-BF2E-C8BFA186D32B}"
EndProject
Project("{FAE04EC0-301F-11D3-BF4B-00C04F79EFBC}") = "Eliot.UELib.Decompiler", "UELib\src\Decompiler\Eliot.UELib.Decompiler.csproj", "{8CA39D24-1E63-47E1-A556-52142671CFF1}"
EndProject
Project("{FAE04EC0-301F-11D3-BF4B-00C04F79EFBC}") = "Eliot.UELib.Decompiler.T3D", "UELib\src\Decompiler\Language\Eliot.UELib.Decompiler.T3D\Eliot.UELib.Decompiler.T3D.csproj", "{D1118BB2-CE82-4658-B6D9-868265CD1C4A}"
EndProject
Project("{FAE04EC0-301F-11D3-BF4B-00C04F79EFBC}") = "Eliot.UELib.Decompiler.Listing", "UELib\src\Decompiler\Language\Eliot.UELib.Decompiler.Listing\Eliot.UELib.Decompiler.Listing.csproj", "{5CEAEE28-AE42-44D1-B08C-7170870AB78B}"
EndProject
Project("{FAE04EC0-301F-11D3-BF4B-00C04F79EFBC}") = "Eliot.UELib.Decompiler.UnrealScript", "Eliot.UELib.Decompiler.UnrealScript\Eliot.UELib.Decompiler.UnrealScript.csproj", "{84A39048-2805-48DA-B4A7-2B02465A9B4E}"
EndProject
Project("{FAE04EC0-301F-11D3-BF4B-00C04F79EFBC}") = "UEExplorer.Plugin.Decompiler.Listing", "UEExplorer.Plugin.Decompiler.Listing\UEExplorer.Plugin.Decompiler.Listing.csproj", "{8A18AED9-4861-4898-A64C-55D83F48B512}"
EndProject
Project("{FAE04EC0-301F-11D3-BF4B-00C04F79EFBC}") = "UEExplorer.Framework.UI", "UEExplorer.Framework.UI\UEExplorer.Framework.UI.csproj", "{9780AD67-ED57-4427-A40C-D097C0E52ED4}"
EndProject
Project("{FAE04EC0-301F-11D3-BF4B-00C04F79EFBC}") = "UEExplorer.Framework.Plugin", "UEExplorer.Framework.Plugin\UEExplorer.Framework.Plugin.csproj", "{5EB85C80-3417-43F6-BFB2-BA5D4CC237EA}"
EndProject
Project("{FAE04EC0-301F-11D3-BF4B-00C04F79EFBC}") = "UEExplorer.Render", "UEExplorer.Render\UEExplorer.Render.csproj", "{7E807916-EB65-4417-B6E2-69AF51BE52D8}"
EndProject
Project("{9A19103F-16F7-4668-BE54-9A1E7A4F7556}") = "UEExplorer.Graphics.Framework", "UEExplorer.Graphics.Framework\UEExplorer.Graphics.Framework.csproj", "{9FD9637D-7F5E-4113-8317-F7219E5599AF}"
EndProject
Project("{FAE04EC0-301F-11D3-BF4B-00C04F79EFBC}") = "UEExplorer.Plugin.Media", "UEExplorer.Plugin.Media\UEExplorer.Plugin.Media.csproj", "{66B551ED-418E-4B85-9519-B2C8BCF3CF5E}"
EndProject
Global
	GlobalSection(SolutionConfigurationPlatforms) = preSolution
		Debug|Any CPU = Debug|Any CPU
		Debug|Mixed Platforms = Debug|Mixed Platforms
		Debug|x86 = Debug|x86
		Publish|Any CPU = Publish|Any CPU
		Publish|Mixed Platforms = Publish|Mixed Platforms
		Publish|x86 = Publish|x86
		Release|Any CPU = Release|Any CPU
		Release|Mixed Platforms = Release|Mixed Platforms
		Release|x86 = Release|x86
	EndGlobalSection
	GlobalSection(ProjectConfigurationPlatforms) = postSolution
		{C30CD5A3-BEA1-48FA-9EFA-A11CB7A03A94}.Debug|Any CPU.ActiveCfg = Debug|Any CPU
		{C30CD5A3-BEA1-48FA-9EFA-A11CB7A03A94}.Debug|Any CPU.Build.0 = Debug|Any CPU
		{C30CD5A3-BEA1-48FA-9EFA-A11CB7A03A94}.Debug|Mixed Platforms.ActiveCfg = Debug|x86
		{C30CD5A3-BEA1-48FA-9EFA-A11CB7A03A94}.Debug|Mixed Platforms.Build.0 = Debug|x86
		{C30CD5A3-BEA1-48FA-9EFA-A11CB7A03A94}.Debug|x86.ActiveCfg = Debug|x86
		{C30CD5A3-BEA1-48FA-9EFA-A11CB7A03A94}.Debug|x86.Build.0 = Debug|x86
		{C30CD5A3-BEA1-48FA-9EFA-A11CB7A03A94}.Publish|Any CPU.ActiveCfg = Publish|Any CPU
		{C30CD5A3-BEA1-48FA-9EFA-A11CB7A03A94}.Publish|Any CPU.Build.0 = Publish|Any CPU
		{C30CD5A3-BEA1-48FA-9EFA-A11CB7A03A94}.Publish|Mixed Platforms.ActiveCfg = Publish|Any CPU
		{C30CD5A3-BEA1-48FA-9EFA-A11CB7A03A94}.Publish|Mixed Platforms.Build.0 = Publish|Any CPU
		{C30CD5A3-BEA1-48FA-9EFA-A11CB7A03A94}.Publish|x86.ActiveCfg = Publish|x86
		{C30CD5A3-BEA1-48FA-9EFA-A11CB7A03A94}.Publish|x86.Build.0 = Publish|x86
		{C30CD5A3-BEA1-48FA-9EFA-A11CB7A03A94}.Release|Any CPU.ActiveCfg = Release|Any CPU
		{C30CD5A3-BEA1-48FA-9EFA-A11CB7A03A94}.Release|Any CPU.Build.0 = Release|Any CPU
		{C30CD5A3-BEA1-48FA-9EFA-A11CB7A03A94}.Release|Mixed Platforms.ActiveCfg = Release|x86
		{C30CD5A3-BEA1-48FA-9EFA-A11CB7A03A94}.Release|Mixed Platforms.Build.0 = Release|x86
		{C30CD5A3-BEA1-48FA-9EFA-A11CB7A03A94}.Release|x86.ActiveCfg = Release|x86
		{C30CD5A3-BEA1-48FA-9EFA-A11CB7A03A94}.Release|x86.Build.0 = Release|x86
		{7E45273F-434F-42FA-8269-0E760AEB41E1}.Debug|Any CPU.ActiveCfg = Debug|Any CPU
		{7E45273F-434F-42FA-8269-0E760AEB41E1}.Debug|Any CPU.Build.0 = Debug|Any CPU
		{7E45273F-434F-42FA-8269-0E760AEB41E1}.Debug|Mixed Platforms.ActiveCfg = Debug|Any CPU
		{7E45273F-434F-42FA-8269-0E760AEB41E1}.Debug|Mixed Platforms.Build.0 = Debug|Any CPU
		{7E45273F-434F-42FA-8269-0E760AEB41E1}.Debug|x86.ActiveCfg = Debug|Any CPU
		{7E45273F-434F-42FA-8269-0E760AEB41E1}.Debug|x86.Build.0 = Debug|Any CPU
		{7E45273F-434F-42FA-8269-0E760AEB41E1}.Publish|Any CPU.ActiveCfg = Publish|Any CPU
		{7E45273F-434F-42FA-8269-0E760AEB41E1}.Publish|Any CPU.Build.0 = Publish|Any CPU
		{7E45273F-434F-42FA-8269-0E760AEB41E1}.Publish|Mixed Platforms.ActiveCfg = Release|Any CPU
		{7E45273F-434F-42FA-8269-0E760AEB41E1}.Publish|Mixed Platforms.Build.0 = Release|Any CPU
		{7E45273F-434F-42FA-8269-0E760AEB41E1}.Publish|x86.ActiveCfg = Release|Any CPU
		{7E45273F-434F-42FA-8269-0E760AEB41E1}.Publish|x86.Build.0 = Release|Any CPU
		{7E45273F-434F-42FA-8269-0E760AEB41E1}.Release|Any CPU.ActiveCfg = Release|Any CPU
		{7E45273F-434F-42FA-8269-0E760AEB41E1}.Release|Any CPU.Build.0 = Release|Any CPU
		{7E45273F-434F-42FA-8269-0E760AEB41E1}.Release|Mixed Platforms.ActiveCfg = Release|Any CPU
		{7E45273F-434F-42FA-8269-0E760AEB41E1}.Release|Mixed Platforms.Build.0 = Release|Any CPU
		{7E45273F-434F-42FA-8269-0E760AEB41E1}.Release|x86.ActiveCfg = Release|Any CPU
		{7E45273F-434F-42FA-8269-0E760AEB41E1}.Release|x86.Build.0 = Release|Any CPU
		{7167B940-B5A5-4434-825A-69510441E513}.Debug|Any CPU.ActiveCfg = Debug
		{7167B940-B5A5-4434-825A-69510441E513}.Debug|Mixed Platforms.ActiveCfg = Debug
		{7167B940-B5A5-4434-825A-69510441E513}.Debug|x86.ActiveCfg = Debug
		{7167B940-B5A5-4434-825A-69510441E513}.Publish|Any CPU.ActiveCfg = Publish
		{7167B940-B5A5-4434-825A-69510441E513}.Publish|Any CPU.Build.0 = Publish
		{7167B940-B5A5-4434-825A-69510441E513}.Publish|Mixed Platforms.ActiveCfg = Publish
		{7167B940-B5A5-4434-825A-69510441E513}.Publish|Mixed Platforms.Build.0 = Publish
		{7167B940-B5A5-4434-825A-69510441E513}.Publish|x86.ActiveCfg = Publish
		{7167B940-B5A5-4434-825A-69510441E513}.Publish|x86.Build.0 = Publish
		{7167B940-B5A5-4434-825A-69510441E513}.Release|Any CPU.ActiveCfg = Release
		{7167B940-B5A5-4434-825A-69510441E513}.Release|Mixed Platforms.ActiveCfg = Release
		{7167B940-B5A5-4434-825A-69510441E513}.Release|x86.ActiveCfg = Release
		{C240217D-9B6A-46D4-892F-12C64853F8AE}.Debug|Any CPU.ActiveCfg = Debug|Any CPU
		{C240217D-9B6A-46D4-892F-12C64853F8AE}.Debug|Any CPU.Build.0 = Debug|Any CPU
		{C240217D-9B6A-46D4-892F-12C64853F8AE}.Debug|Mixed Platforms.ActiveCfg = Debug|Any CPU
		{C240217D-9B6A-46D4-892F-12C64853F8AE}.Debug|Mixed Platforms.Build.0 = Debug|Any CPU
		{C240217D-9B6A-46D4-892F-12C64853F8AE}.Debug|x86.ActiveCfg = Debug|Any CPU
		{C240217D-9B6A-46D4-892F-12C64853F8AE}.Debug|x86.Build.0 = Debug|Any CPU
		{C240217D-9B6A-46D4-892F-12C64853F8AE}.Publish|Any CPU.ActiveCfg = Release|Any CPU
		{C240217D-9B6A-46D4-892F-12C64853F8AE}.Publish|Any CPU.Build.0 = Release|Any CPU
		{C240217D-9B6A-46D4-892F-12C64853F8AE}.Publish|Mixed Platforms.ActiveCfg = Release|Any CPU
		{C240217D-9B6A-46D4-892F-12C64853F8AE}.Publish|Mixed Platforms.Build.0 = Release|Any CPU
		{C240217D-9B6A-46D4-892F-12C64853F8AE}.Publish|x86.ActiveCfg = Release|Any CPU
		{C240217D-9B6A-46D4-892F-12C64853F8AE}.Publish|x86.Build.0 = Release|Any CPU
		{C240217D-9B6A-46D4-892F-12C64853F8AE}.Release|Any CPU.ActiveCfg = Release|Any CPU
		{C240217D-9B6A-46D4-892F-12C64853F8AE}.Release|Any CPU.Build.0 = Release|Any CPU
		{C240217D-9B6A-46D4-892F-12C64853F8AE}.Release|Mixed Platforms.ActiveCfg = Release|Any CPU
		{C240217D-9B6A-46D4-892F-12C64853F8AE}.Release|Mixed Platforms.Build.0 = Release|Any CPU
		{C240217D-9B6A-46D4-892F-12C64853F8AE}.Release|x86.ActiveCfg = Release|Any CPU
		{C240217D-9B6A-46D4-892F-12C64853F8AE}.Release|x86.Build.0 = Release|Any CPU
		{E8365D64-12E6-4D59-9580-3C4D76534F5E}.Debug|Any CPU.ActiveCfg = Debug|Any CPU
		{E8365D64-12E6-4D59-9580-3C4D76534F5E}.Debug|Any CPU.Build.0 = Debug|Any CPU
		{E8365D64-12E6-4D59-9580-3C4D76534F5E}.Debug|Mixed Platforms.ActiveCfg = Debug|Any CPU
		{E8365D64-12E6-4D59-9580-3C4D76534F5E}.Debug|x86.ActiveCfg = Debug|Any CPU
		{E8365D64-12E6-4D59-9580-3C4D76534F5E}.Debug|x86.Build.0 = Debug|Any CPU
		{E8365D64-12E6-4D59-9580-3C4D76534F5E}.Publish|Any CPU.ActiveCfg = Debug|Any CPU
		{E8365D64-12E6-4D59-9580-3C4D76534F5E}.Publish|Mixed Platforms.ActiveCfg = Debug|Any CPU
		{E8365D64-12E6-4D59-9580-3C4D76534F5E}.Publish|x86.ActiveCfg = Debug|Any CPU
		{E8365D64-12E6-4D59-9580-3C4D76534F5E}.Release|Any CPU.ActiveCfg = Release|Any CPU
		{E8365D64-12E6-4D59-9580-3C4D76534F5E}.Release|Mixed Platforms.ActiveCfg = Release|Any CPU
		{E8365D64-12E6-4D59-9580-3C4D76534F5E}.Release|x86.ActiveCfg = Release|Any CPU
		{E8365D64-12E6-4D59-9580-3C4D76534F5E}.Release|x86.Build.0 = Release|Any CPU
		{F0D312F0-7FD1-4C97-A9B5-AA723E72B01B}.Debug|Any CPU.ActiveCfg = Debug|Any CPU
		{F0D312F0-7FD1-4C97-A9B5-AA723E72B01B}.Debug|Mixed Platforms.ActiveCfg = Debug|Any CPU
		{F0D312F0-7FD1-4C97-A9B5-AA723E72B01B}.Debug|x86.ActiveCfg = Debug|Any CPU
		{F0D312F0-7FD1-4C97-A9B5-AA723E72B01B}.Publish|Any CPU.ActiveCfg = Debug|Any CPU
		{F0D312F0-7FD1-4C97-A9B5-AA723E72B01B}.Publish|Mixed Platforms.ActiveCfg = Debug|Any CPU
		{F0D312F0-7FD1-4C97-A9B5-AA723E72B01B}.Publish|x86.ActiveCfg = Debug|Any CPU
		{F0D312F0-7FD1-4C97-A9B5-AA723E72B01B}.Release|Any CPU.ActiveCfg = Release|Any CPU
		{F0D312F0-7FD1-4C97-A9B5-AA723E72B01B}.Release|Any CPU.Build.0 = Release|Any CPU
		{F0D312F0-7FD1-4C97-A9B5-AA723E72B01B}.Release|Mixed Platforms.ActiveCfg = Release|Any CPU
		{F0D312F0-7FD1-4C97-A9B5-AA723E72B01B}.Release|Mixed Platforms.Build.0 = Release|Any CPU
		{F0D312F0-7FD1-4C97-A9B5-AA723E72B01B}.Release|x86.ActiveCfg = Release|Any CPU
		{01B07425-0B35-4DAB-9555-D61261A0F161}.Debug|Any CPU.ActiveCfg = Debug|Any CPU
		{01B07425-0B35-4DAB-9555-D61261A0F161}.Debug|Mixed Platforms.ActiveCfg = Debug|Any CPU
		{01B07425-0B35-4DAB-9555-D61261A0F161}.Debug|x86.ActiveCfg = Debug|Any CPU
		{01B07425-0B35-4DAB-9555-D61261A0F161}.Publish|Any CPU.ActiveCfg = Debug|Any CPU
		{01B07425-0B35-4DAB-9555-D61261A0F161}.Publish|Mixed Platforms.ActiveCfg = Debug|Any CPU
		{01B07425-0B35-4DAB-9555-D61261A0F161}.Publish|x86.ActiveCfg = Debug|Any CPU
		{01B07425-0B35-4DAB-9555-D61261A0F161}.Release|Any CPU.ActiveCfg = Release|Any CPU
		{01B07425-0B35-4DAB-9555-D61261A0F161}.Release|Mixed Platforms.ActiveCfg = Release|Any CPU
		{01B07425-0B35-4DAB-9555-D61261A0F161}.Release|x86.ActiveCfg = Release|Any CPU
		{66B17C8E-BF5D-456E-BF2E-C8BFA186D32B}.Debug|Any CPU.ActiveCfg = Debug|Any CPU
		{66B17C8E-BF5D-456E-BF2E-C8BFA186D32B}.Debug|Any CPU.Build.0 = Debug|Any CPU
		{66B17C8E-BF5D-456E-BF2E-C8BFA186D32B}.Debug|Mixed Platforms.ActiveCfg = Debug|Any CPU
		{66B17C8E-BF5D-456E-BF2E-C8BFA186D32B}.Debug|Mixed Platforms.Build.0 = Debug|Any CPU
		{66B17C8E-BF5D-456E-BF2E-C8BFA186D32B}.Debug|x86.ActiveCfg = Debug|Any CPU
		{66B17C8E-BF5D-456E-BF2E-C8BFA186D32B}.Debug|x86.Build.0 = Debug|Any CPU
		{66B17C8E-BF5D-456E-BF2E-C8BFA186D32B}.Publish|Any CPU.ActiveCfg = Debug|Any CPU
		{66B17C8E-BF5D-456E-BF2E-C8BFA186D32B}.Publish|Any CPU.Build.0 = Debug|Any CPU
		{66B17C8E-BF5D-456E-BF2E-C8BFA186D32B}.Publish|Mixed Platforms.ActiveCfg = Debug|Any CPU
		{66B17C8E-BF5D-456E-BF2E-C8BFA186D32B}.Publish|Mixed Platforms.Build.0 = Debug|Any CPU
		{66B17C8E-BF5D-456E-BF2E-C8BFA186D32B}.Publish|x86.ActiveCfg = Debug|Any CPU
		{66B17C8E-BF5D-456E-BF2E-C8BFA186D32B}.Publish|x86.Build.0 = Debug|Any CPU
		{66B17C8E-BF5D-456E-BF2E-C8BFA186D32B}.Release|Any CPU.ActiveCfg = Release|Any CPU
		{66B17C8E-BF5D-456E-BF2E-C8BFA186D32B}.Release|Any CPU.Build.0 = Release|Any CPU
		{66B17C8E-BF5D-456E-BF2E-C8BFA186D32B}.Release|Mixed Platforms.ActiveCfg = Release|Any CPU
		{66B17C8E-BF5D-456E-BF2E-C8BFA186D32B}.Release|Mixed Platforms.Build.0 = Release|Any CPU
		{66B17C8E-BF5D-456E-BF2E-C8BFA186D32B}.Release|x86.ActiveCfg = Release|Any CPU
		{66B17C8E-BF5D-456E-BF2E-C8BFA186D32B}.Release|x86.Build.0 = Release|Any CPU
		{8CA39D24-1E63-47E1-A556-52142671CFF1}.Debug|Any CPU.ActiveCfg = Debug|Any CPU
		{8CA39D24-1E63-47E1-A556-52142671CFF1}.Debug|Any CPU.Build.0 = Debug|Any CPU
		{8CA39D24-1E63-47E1-A556-52142671CFF1}.Debug|Mixed Platforms.ActiveCfg = Debug|Any CPU
		{8CA39D24-1E63-47E1-A556-52142671CFF1}.Debug|Mixed Platforms.Build.0 = Debug|Any CPU
		{8CA39D24-1E63-47E1-A556-52142671CFF1}.Debug|x86.ActiveCfg = Debug|Any CPU
		{8CA39D24-1E63-47E1-A556-52142671CFF1}.Debug|x86.Build.0 = Debug|Any CPU
		{8CA39D24-1E63-47E1-A556-52142671CFF1}.Publish|Any CPU.ActiveCfg = Debug|Any CPU
		{8CA39D24-1E63-47E1-A556-52142671CFF1}.Publish|Any CPU.Build.0 = Debug|Any CPU
		{8CA39D24-1E63-47E1-A556-52142671CFF1}.Publish|Mixed Platforms.ActiveCfg = Debug|Any CPU
		{8CA39D24-1E63-47E1-A556-52142671CFF1}.Publish|Mixed Platforms.Build.0 = Debug|Any CPU
		{8CA39D24-1E63-47E1-A556-52142671CFF1}.Publish|x86.ActiveCfg = Debug|Any CPU
		{8CA39D24-1E63-47E1-A556-52142671CFF1}.Publish|x86.Build.0 = Debug|Any CPU
		{8CA39D24-1E63-47E1-A556-52142671CFF1}.Release|Any CPU.ActiveCfg = Release|Any CPU
		{8CA39D24-1E63-47E1-A556-52142671CFF1}.Release|Any CPU.Build.0 = Release|Any CPU
		{8CA39D24-1E63-47E1-A556-52142671CFF1}.Release|Mixed Platforms.ActiveCfg = Release|Any CPU
		{8CA39D24-1E63-47E1-A556-52142671CFF1}.Release|Mixed Platforms.Build.0 = Release|Any CPU
		{8CA39D24-1E63-47E1-A556-52142671CFF1}.Release|x86.ActiveCfg = Release|Any CPU
		{8CA39D24-1E63-47E1-A556-52142671CFF1}.Release|x86.Build.0 = Release|Any CPU
		{D1118BB2-CE82-4658-B6D9-868265CD1C4A}.Debug|Any CPU.ActiveCfg = Debug|Any CPU
		{D1118BB2-CE82-4658-B6D9-868265CD1C4A}.Debug|Any CPU.Build.0 = Debug|Any CPU
		{D1118BB2-CE82-4658-B6D9-868265CD1C4A}.Debug|Mixed Platforms.ActiveCfg = Debug|Any CPU
		{D1118BB2-CE82-4658-B6D9-868265CD1C4A}.Debug|Mixed Platforms.Build.0 = Debug|Any CPU
		{D1118BB2-CE82-4658-B6D9-868265CD1C4A}.Debug|x86.ActiveCfg = Debug|Any CPU
		{D1118BB2-CE82-4658-B6D9-868265CD1C4A}.Debug|x86.Build.0 = Debug|Any CPU
		{D1118BB2-CE82-4658-B6D9-868265CD1C4A}.Publish|Any CPU.ActiveCfg = Debug|Any CPU
		{D1118BB2-CE82-4658-B6D9-868265CD1C4A}.Publish|Any CPU.Build.0 = Debug|Any CPU
		{D1118BB2-CE82-4658-B6D9-868265CD1C4A}.Publish|Mixed Platforms.ActiveCfg = Debug|Any CPU
		{D1118BB2-CE82-4658-B6D9-868265CD1C4A}.Publish|Mixed Platforms.Build.0 = Debug|Any CPU
		{D1118BB2-CE82-4658-B6D9-868265CD1C4A}.Publish|x86.ActiveCfg = Debug|Any CPU
		{D1118BB2-CE82-4658-B6D9-868265CD1C4A}.Publish|x86.Build.0 = Debug|Any CPU
		{D1118BB2-CE82-4658-B6D9-868265CD1C4A}.Release|Any CPU.ActiveCfg = Release|Any CPU
		{D1118BB2-CE82-4658-B6D9-868265CD1C4A}.Release|Any CPU.Build.0 = Release|Any CPU
		{D1118BB2-CE82-4658-B6D9-868265CD1C4A}.Release|Mixed Platforms.ActiveCfg = Release|Any CPU
		{D1118BB2-CE82-4658-B6D9-868265CD1C4A}.Release|Mixed Platforms.Build.0 = Release|Any CPU
		{D1118BB2-CE82-4658-B6D9-868265CD1C4A}.Release|x86.ActiveCfg = Release|Any CPU
		{D1118BB2-CE82-4658-B6D9-868265CD1C4A}.Release|x86.Build.0 = Release|Any CPU
		{5CEAEE28-AE42-44D1-B08C-7170870AB78B}.Debug|Any CPU.ActiveCfg = Debug|Any CPU
		{5CEAEE28-AE42-44D1-B08C-7170870AB78B}.Debug|Any CPU.Build.0 = Debug|Any CPU
		{5CEAEE28-AE42-44D1-B08C-7170870AB78B}.Debug|Mixed Platforms.ActiveCfg = Debug|Any CPU
		{5CEAEE28-AE42-44D1-B08C-7170870AB78B}.Debug|Mixed Platforms.Build.0 = Debug|Any CPU
		{5CEAEE28-AE42-44D1-B08C-7170870AB78B}.Debug|x86.ActiveCfg = Debug|Any CPU
		{5CEAEE28-AE42-44D1-B08C-7170870AB78B}.Debug|x86.Build.0 = Debug|Any CPU
		{5CEAEE28-AE42-44D1-B08C-7170870AB78B}.Publish|Any CPU.ActiveCfg = Debug|Any CPU
		{5CEAEE28-AE42-44D1-B08C-7170870AB78B}.Publish|Any CPU.Build.0 = Debug|Any CPU
		{5CEAEE28-AE42-44D1-B08C-7170870AB78B}.Publish|Mixed Platforms.ActiveCfg = Debug|Any CPU
		{5CEAEE28-AE42-44D1-B08C-7170870AB78B}.Publish|Mixed Platforms.Build.0 = Debug|Any CPU
		{5CEAEE28-AE42-44D1-B08C-7170870AB78B}.Publish|x86.ActiveCfg = Debug|Any CPU
		{5CEAEE28-AE42-44D1-B08C-7170870AB78B}.Publish|x86.Build.0 = Debug|Any CPU
		{5CEAEE28-AE42-44D1-B08C-7170870AB78B}.Release|Any CPU.ActiveCfg = Release|Any CPU
		{5CEAEE28-AE42-44D1-B08C-7170870AB78B}.Release|Any CPU.Build.0 = Release|Any CPU
		{5CEAEE28-AE42-44D1-B08C-7170870AB78B}.Release|Mixed Platforms.ActiveCfg = Release|Any CPU
		{5CEAEE28-AE42-44D1-B08C-7170870AB78B}.Release|Mixed Platforms.Build.0 = Release|Any CPU
		{5CEAEE28-AE42-44D1-B08C-7170870AB78B}.Release|x86.ActiveCfg = Release|Any CPU
		{5CEAEE28-AE42-44D1-B08C-7170870AB78B}.Release|x86.Build.0 = Release|Any CPU
		{84A39048-2805-48DA-B4A7-2B02465A9B4E}.Debug|Any CPU.ActiveCfg = Debug|Any CPU
		{84A39048-2805-48DA-B4A7-2B02465A9B4E}.Debug|Any CPU.Build.0 = Debug|Any CPU
		{84A39048-2805-48DA-B4A7-2B02465A9B4E}.Debug|Mixed Platforms.ActiveCfg = Debug|Any CPU
		{84A39048-2805-48DA-B4A7-2B02465A9B4E}.Debug|Mixed Platforms.Build.0 = Debug|Any CPU
		{84A39048-2805-48DA-B4A7-2B02465A9B4E}.Debug|x86.ActiveCfg = Debug|Any CPU
		{84A39048-2805-48DA-B4A7-2B02465A9B4E}.Debug|x86.Build.0 = Debug|Any CPU
		{84A39048-2805-48DA-B4A7-2B02465A9B4E}.Publish|Any CPU.ActiveCfg = Debug|Any CPU
		{84A39048-2805-48DA-B4A7-2B02465A9B4E}.Publish|Any CPU.Build.0 = Debug|Any CPU
		{84A39048-2805-48DA-B4A7-2B02465A9B4E}.Publish|Mixed Platforms.ActiveCfg = Debug|Any CPU
		{84A39048-2805-48DA-B4A7-2B02465A9B4E}.Publish|Mixed Platforms.Build.0 = Debug|Any CPU
		{84A39048-2805-48DA-B4A7-2B02465A9B4E}.Publish|x86.ActiveCfg = Debug|Any CPU
		{84A39048-2805-48DA-B4A7-2B02465A9B4E}.Publish|x86.Build.0 = Debug|Any CPU
		{84A39048-2805-48DA-B4A7-2B02465A9B4E}.Release|Any CPU.ActiveCfg = Release|Any CPU
		{84A39048-2805-48DA-B4A7-2B02465A9B4E}.Release|Any CPU.Build.0 = Release|Any CPU
		{84A39048-2805-48DA-B4A7-2B02465A9B4E}.Release|Mixed Platforms.ActiveCfg = Release|Any CPU
		{84A39048-2805-48DA-B4A7-2B02465A9B4E}.Release|Mixed Platforms.Build.0 = Release|Any CPU
		{84A39048-2805-48DA-B4A7-2B02465A9B4E}.Release|x86.ActiveCfg = Release|Any CPU
		{84A39048-2805-48DA-B4A7-2B02465A9B4E}.Release|x86.Build.0 = Release|Any CPU
		{8A18AED9-4861-4898-A64C-55D83F48B512}.Debug|Any CPU.ActiveCfg = Debug|Any CPU
		{8A18AED9-4861-4898-A64C-55D83F48B512}.Debug|Any CPU.Build.0 = Debug|Any CPU
		{8A18AED9-4861-4898-A64C-55D83F48B512}.Debug|Mixed Platforms.ActiveCfg = Debug|Any CPU
		{8A18AED9-4861-4898-A64C-55D83F48B512}.Debug|Mixed Platforms.Build.0 = Debug|Any CPU
		{8A18AED9-4861-4898-A64C-55D83F48B512}.Debug|x86.ActiveCfg = Debug|Any CPU
		{8A18AED9-4861-4898-A64C-55D83F48B512}.Debug|x86.Build.0 = Debug|Any CPU
		{8A18AED9-4861-4898-A64C-55D83F48B512}.Publish|Any CPU.ActiveCfg = Debug|Any CPU
		{8A18AED9-4861-4898-A64C-55D83F48B512}.Publish|Any CPU.Build.0 = Debug|Any CPU
		{8A18AED9-4861-4898-A64C-55D83F48B512}.Publish|Mixed Platforms.ActiveCfg = Debug|Any CPU
		{8A18AED9-4861-4898-A64C-55D83F48B512}.Publish|Mixed Platforms.Build.0 = Debug|Any CPU
		{8A18AED9-4861-4898-A64C-55D83F48B512}.Publish|x86.ActiveCfg = Debug|Any CPU
		{8A18AED9-4861-4898-A64C-55D83F48B512}.Publish|x86.Build.0 = Debug|Any CPU
		{8A18AED9-4861-4898-A64C-55D83F48B512}.Release|Any CPU.ActiveCfg = Release|Any CPU
		{8A18AED9-4861-4898-A64C-55D83F48B512}.Release|Any CPU.Build.0 = Release|Any CPU
		{8A18AED9-4861-4898-A64C-55D83F48B512}.Release|Mixed Platforms.ActiveCfg = Release|Any CPU
		{8A18AED9-4861-4898-A64C-55D83F48B512}.Release|Mixed Platforms.Build.0 = Release|Any CPU
		{8A18AED9-4861-4898-A64C-55D83F48B512}.Release|x86.ActiveCfg = Release|Any CPU
		{8A18AED9-4861-4898-A64C-55D83F48B512}.Release|x86.Build.0 = Release|Any CPU
		{9780AD67-ED57-4427-A40C-D097C0E52ED4}.Debug|Any CPU.ActiveCfg = Debug|Any CPU
		{9780AD67-ED57-4427-A40C-D097C0E52ED4}.Debug|Any CPU.Build.0 = Debug|Any CPU
		{9780AD67-ED57-4427-A40C-D097C0E52ED4}.Debug|Mixed Platforms.ActiveCfg = Debug|Any CPU
		{9780AD67-ED57-4427-A40C-D097C0E52ED4}.Debug|Mixed Platforms.Build.0 = Debug|Any CPU
		{9780AD67-ED57-4427-A40C-D097C0E52ED4}.Debug|x86.ActiveCfg = Debug|Any CPU
		{9780AD67-ED57-4427-A40C-D097C0E52ED4}.Debug|x86.Build.0 = Debug|Any CPU
		{9780AD67-ED57-4427-A40C-D097C0E52ED4}.Publish|Any CPU.ActiveCfg = Debug|Any CPU
		{9780AD67-ED57-4427-A40C-D097C0E52ED4}.Publish|Any CPU.Build.0 = Debug|Any CPU
		{9780AD67-ED57-4427-A40C-D097C0E52ED4}.Publish|Mixed Platforms.ActiveCfg = Debug|Any CPU
		{9780AD67-ED57-4427-A40C-D097C0E52ED4}.Publish|Mixed Platforms.Build.0 = Debug|Any CPU
		{9780AD67-ED57-4427-A40C-D097C0E52ED4}.Publish|x86.ActiveCfg = Debug|Any CPU
		{9780AD67-ED57-4427-A40C-D097C0E52ED4}.Publish|x86.Build.0 = Debug|Any CPU
		{9780AD67-ED57-4427-A40C-D097C0E52ED4}.Release|Any CPU.ActiveCfg = Release|Any CPU
		{9780AD67-ED57-4427-A40C-D097C0E52ED4}.Release|Any CPU.Build.0 = Release|Any CPU
		{9780AD67-ED57-4427-A40C-D097C0E52ED4}.Release|Mixed Platforms.ActiveCfg = Release|Any CPU
		{9780AD67-ED57-4427-A40C-D097C0E52ED4}.Release|Mixed Platforms.Build.0 = Release|Any CPU
		{9780AD67-ED57-4427-A40C-D097C0E52ED4}.Release|x86.ActiveCfg = Release|Any CPU
		{9780AD67-ED57-4427-A40C-D097C0E52ED4}.Release|x86.Build.0 = Release|Any CPU
		{5EB85C80-3417-43F6-BFB2-BA5D4CC237EA}.Debug|Any CPU.ActiveCfg = Debug|Any CPU
		{5EB85C80-3417-43F6-BFB2-BA5D4CC237EA}.Debug|Any CPU.Build.0 = Debug|Any CPU
		{5EB85C80-3417-43F6-BFB2-BA5D4CC237EA}.Debug|Mixed Platforms.ActiveCfg = Debug|Any CPU
		{5EB85C80-3417-43F6-BFB2-BA5D4CC237EA}.Debug|Mixed Platforms.Build.0 = Debug|Any CPU
		{5EB85C80-3417-43F6-BFB2-BA5D4CC237EA}.Debug|x86.ActiveCfg = Debug|Any CPU
		{5EB85C80-3417-43F6-BFB2-BA5D4CC237EA}.Debug|x86.Build.0 = Debug|Any CPU
		{5EB85C80-3417-43F6-BFB2-BA5D4CC237EA}.Publish|Any CPU.ActiveCfg = Debug|Any CPU
		{5EB85C80-3417-43F6-BFB2-BA5D4CC237EA}.Publish|Any CPU.Build.0 = Debug|Any CPU
		{5EB85C80-3417-43F6-BFB2-BA5D4CC237EA}.Publish|Mixed Platforms.ActiveCfg = Debug|Any CPU
		{5EB85C80-3417-43F6-BFB2-BA5D4CC237EA}.Publish|Mixed Platforms.Build.0 = Debug|Any CPU
		{5EB85C80-3417-43F6-BFB2-BA5D4CC237EA}.Publish|x86.ActiveCfg = Debug|Any CPU
		{5EB85C80-3417-43F6-BFB2-BA5D4CC237EA}.Publish|x86.Build.0 = Debug|Any CPU
		{5EB85C80-3417-43F6-BFB2-BA5D4CC237EA}.Release|Any CPU.ActiveCfg = Release|Any CPU
		{5EB85C80-3417-43F6-BFB2-BA5D4CC237EA}.Release|Any CPU.Build.0 = Release|Any CPU
		{5EB85C80-3417-43F6-BFB2-BA5D4CC237EA}.Release|Mixed Platforms.ActiveCfg = Release|Any CPU
		{5EB85C80-3417-43F6-BFB2-BA5D4CC237EA}.Release|Mixed Platforms.Build.0 = Release|Any CPU
		{5EB85C80-3417-43F6-BFB2-BA5D4CC237EA}.Release|x86.ActiveCfg = Release|Any CPU
		{5EB85C80-3417-43F6-BFB2-BA5D4CC237EA}.Release|x86.Build.0 = Release|Any CPU
		{7E807916-EB65-4417-B6E2-69AF51BE52D8}.Debug|Any CPU.ActiveCfg = Debug|Any CPU
		{7E807916-EB65-4417-B6E2-69AF51BE52D8}.Debug|Any CPU.Build.0 = Debug|Any CPU
		{7E807916-EB65-4417-B6E2-69AF51BE52D8}.Debug|Mixed Platforms.ActiveCfg = Debug|Any CPU
		{7E807916-EB65-4417-B6E2-69AF51BE52D8}.Debug|Mixed Platforms.Build.0 = Debug|Any CPU
		{7E807916-EB65-4417-B6E2-69AF51BE52D8}.Debug|x86.ActiveCfg = Debug|Any CPU
		{7E807916-EB65-4417-B6E2-69AF51BE52D8}.Debug|x86.Build.0 = Debug|Any CPU
		{7E807916-EB65-4417-B6E2-69AF51BE52D8}.Publish|Any CPU.ActiveCfg = Debug|Any CPU
		{7E807916-EB65-4417-B6E2-69AF51BE52D8}.Publish|Any CPU.Build.0 = Debug|Any CPU
		{7E807916-EB65-4417-B6E2-69AF51BE52D8}.Publish|Mixed Platforms.ActiveCfg = Debug|Any CPU
		{7E807916-EB65-4417-B6E2-69AF51BE52D8}.Publish|Mixed Platforms.Build.0 = Debug|Any CPU
		{7E807916-EB65-4417-B6E2-69AF51BE52D8}.Publish|x86.ActiveCfg = Debug|Any CPU
		{7E807916-EB65-4417-B6E2-69AF51BE52D8}.Publish|x86.Build.0 = Debug|Any CPU
		{7E807916-EB65-4417-B6E2-69AF51BE52D8}.Release|Any CPU.ActiveCfg = Release|Any CPU
		{7E807916-EB65-4417-B6E2-69AF51BE52D8}.Release|Any CPU.Build.0 = Release|Any CPU
		{7E807916-EB65-4417-B6E2-69AF51BE52D8}.Release|Mixed Platforms.ActiveCfg = Release|Any CPU
		{7E807916-EB65-4417-B6E2-69AF51BE52D8}.Release|Mixed Platforms.Build.0 = Release|Any CPU
		{7E807916-EB65-4417-B6E2-69AF51BE52D8}.Release|x86.ActiveCfg = Release|Any CPU
		{7E807916-EB65-4417-B6E2-69AF51BE52D8}.Release|x86.Build.0 = Release|Any CPU
		{9FD9637D-7F5E-4113-8317-F7219E5599AF}.Debug|Any CPU.ActiveCfg = Debug|Any CPU
		{9FD9637D-7F5E-4113-8317-F7219E5599AF}.Debug|Any CPU.Build.0 = Debug|Any CPU
		{9FD9637D-7F5E-4113-8317-F7219E5599AF}.Debug|Mixed Platforms.ActiveCfg = Debug|Any CPU
		{9FD9637D-7F5E-4113-8317-F7219E5599AF}.Debug|Mixed Platforms.Build.0 = Debug|Any CPU
		{9FD9637D-7F5E-4113-8317-F7219E5599AF}.Debug|x86.ActiveCfg = Debug|Any CPU
		{9FD9637D-7F5E-4113-8317-F7219E5599AF}.Debug|x86.Build.0 = Debug|Any CPU
		{9FD9637D-7F5E-4113-8317-F7219E5599AF}.Publish|Any CPU.ActiveCfg = Debug|Any CPU
		{9FD9637D-7F5E-4113-8317-F7219E5599AF}.Publish|Any CPU.Build.0 = Debug|Any CPU
		{9FD9637D-7F5E-4113-8317-F7219E5599AF}.Publish|Mixed Platforms.ActiveCfg = Debug|Any CPU
		{9FD9637D-7F5E-4113-8317-F7219E5599AF}.Publish|Mixed Platforms.Build.0 = Debug|Any CPU
		{9FD9637D-7F5E-4113-8317-F7219E5599AF}.Publish|x86.ActiveCfg = Debug|Any CPU
		{9FD9637D-7F5E-4113-8317-F7219E5599AF}.Publish|x86.Build.0 = Debug|Any CPU
		{9FD9637D-7F5E-4113-8317-F7219E5599AF}.Release|Any CPU.ActiveCfg = Release|Any CPU
		{9FD9637D-7F5E-4113-8317-F7219E5599AF}.Release|Any CPU.Build.0 = Release|Any CPU
		{9FD9637D-7F5E-4113-8317-F7219E5599AF}.Release|Mixed Platforms.ActiveCfg = Release|Any CPU
		{9FD9637D-7F5E-4113-8317-F7219E5599AF}.Release|Mixed Platforms.Build.0 = Release|Any CPU
		{9FD9637D-7F5E-4113-8317-F7219E5599AF}.Release|x86.ActiveCfg = Release|Any CPU
		{9FD9637D-7F5E-4113-8317-F7219E5599AF}.Release|x86.Build.0 = Release|Any CPU
		{66B551ED-418E-4B85-9519-B2C8BCF3CF5E}.Debug|Any CPU.ActiveCfg = Debug|Any CPU
		{66B551ED-418E-4B85-9519-B2C8BCF3CF5E}.Debug|Any CPU.Build.0 = Debug|Any CPU
		{66B551ED-418E-4B85-9519-B2C8BCF3CF5E}.Debug|Mixed Platforms.ActiveCfg = Debug|Any CPU
		{66B551ED-418E-4B85-9519-B2C8BCF3CF5E}.Debug|Mixed Platforms.Build.0 = Debug|Any CPU
		{66B551ED-418E-4B85-9519-B2C8BCF3CF5E}.Debug|x86.ActiveCfg = Debug|Any CPU
		{66B551ED-418E-4B85-9519-B2C8BCF3CF5E}.Debug|x86.Build.0 = Debug|Any CPU
		{66B551ED-418E-4B85-9519-B2C8BCF3CF5E}.Publish|Any CPU.ActiveCfg = Debug|Any CPU
		{66B551ED-418E-4B85-9519-B2C8BCF3CF5E}.Publish|Any CPU.Build.0 = Debug|Any CPU
		{66B551ED-418E-4B85-9519-B2C8BCF3CF5E}.Publish|Mixed Platforms.ActiveCfg = Debug|Any CPU
		{66B551ED-418E-4B85-9519-B2C8BCF3CF5E}.Publish|Mixed Platforms.Build.0 = Debug|Any CPU
		{66B551ED-418E-4B85-9519-B2C8BCF3CF5E}.Publish|x86.ActiveCfg = Debug|Any CPU
		{66B551ED-418E-4B85-9519-B2C8BCF3CF5E}.Publish|x86.Build.0 = Debug|Any CPU
		{66B551ED-418E-4B85-9519-B2C8BCF3CF5E}.Release|Any CPU.ActiveCfg = Release|Any CPU
		{66B551ED-418E-4B85-9519-B2C8BCF3CF5E}.Release|Any CPU.Build.0 = Release|Any CPU
		{66B551ED-418E-4B85-9519-B2C8BCF3CF5E}.Release|Mixed Platforms.ActiveCfg = Release|Any CPU
		{66B551ED-418E-4B85-9519-B2C8BCF3CF5E}.Release|Mixed Platforms.Build.0 = Release|Any CPU
		{66B551ED-418E-4B85-9519-B2C8BCF3CF5E}.Release|x86.ActiveCfg = Release|Any CPU
		{66B551ED-418E-4B85-9519-B2C8BCF3CF5E}.Release|x86.Build.0 = Release|Any CPU
	EndGlobalSection
	GlobalSection(SolutionProperties) = preSolution
		HideSolutionNode = FALSE
	EndGlobalSection
	GlobalSection(ExtensibilityGlobals) = postSolution
		SolutionGuid = {C3228331-D3B2-4023-873A-8394388151F5}
		BuildVersion_UpdateFileVersion = True
		BuildVersion_UpdateAssemblyVersion = True
	EndGlobalSection
EndGlobal
